
Microsoft Visual Studio Solution File, Format Version 12.00
# Visual Studio Version 17
VisualStudioVersion = 17.0.32014.148
MinimumVisualStudioVersion = 10.0.40219.1
Project("{2150E333-8FDC-42A3-9474-1A3956D46DE8}") = "src", "src", "{F59DFCC0-F2D0-4CD0-9EA0-27809EE53CAE}"
EndProject
Project("{2150E333-8FDC-42A3-9474-1A3956D46DE8}") = "Core", "Core", "{3BE706DD-D7A6-4DAB-ADD1-69E85AFEC610}"
EndProject
Project("{2150E333-8FDC-42A3-9474-1A3956D46DE8}") = "Repository", "Repository", "{024E0258-8336-4BBB-96FB-F05AF914412F}"
EndProject
Project("{2150E333-8FDC-42A3-9474-1A3956D46DE8}") = "Service", "Service", "{9A2D16E8-2B66-4A78-869F-DF37F905BC76}"
EndProject
Project("{2150E333-8FDC-42A3-9474-1A3956D46DE8}") = "Api", "Api", "{2B10ECDB-C4C8-457C-AA6A-778DA28955A1}"
EndProject
Project("{9A19103F-16F7-4668-BE54-9A1E7A4F7556}") = "CoreLayer", "src\Core\CoreLayer\CoreLayer.csproj", "{6A4D65F5-90D1-4E9A-AF90-B0A430126E5C}"
EndProject
Project("{9A19103F-16F7-4668-BE54-9A1E7A4F7556}") = "RepositoryLayer", "src\Repository\RepositoryLayer\RepositoryLayer.csproj", "{00D03DA1-F10D-4754-9CA9-7910D6346C51}"
EndProject
Project("{9A19103F-16F7-4668-BE54-9A1E7A4F7556}") = "ServiceLayer", "src\Service\ServiceLayer\ServiceLayer.csproj", "{E3EC7361-23BB-48A0-9774-B965E96B98DE}"
EndProject
Project("{FAE04EC0-301F-11D3-BF4B-00C04F79EFBC}") = "ApiLayer", "src\Api\ApiLayer\ApiLayer.csproj", "{9EC6F681-654B-4222-A819-FEBA9E2357A4}"
EndProject
Global
	GlobalSection(SolutionConfigurationPlatforms) = preSolution
		Debug|Any CPU = Debug|Any CPU
		Release|Any CPU = Release|Any CPU
	EndGlobalSection
	GlobalSection(ProjectConfigurationPlatforms) = postSolution
		{6A4D65F5-90D1-4E9A-AF90-B0A430126E5C}.Debug|Any CPU.ActiveCfg = Debug|Any CPU
		{6A4D65F5-90D1-4E9A-AF90-B0A430126E5C}.Debug|Any CPU.Build.0 = Debug|Any CPU
		{6A4D65F5-90D1-4E9A-AF90-B0A430126E5C}.Release|Any CPU.ActiveCfg = Release|Any CPU
		{6A4D65F5-90D1-4E9A-AF90-B0A430126E5C}.Release|Any CPU.Build.0 = Release|Any CPU
		{00D03DA1-F10D-4754-9CA9-7910D6346C51}.Debug|Any CPU.ActiveCfg = Debug|Any CPU
		{00D03DA1-F10D-4754-9CA9-7910D6346C51}.Debug|Any CPU.Build.0 = Debug|Any CPU
		{00D03DA1-F10D-4754-9CA9-7910D6346C51}.Release|Any CPU.ActiveCfg = Release|Any CPU
		{00D03DA1-F10D-4754-9CA9-7910D6346C51}.Release|Any CPU.Build.0 = Release|Any CPU
		{E3EC7361-23BB-48A0-9774-B965E96B98DE}.Debug|Any CPU.ActiveCfg = Debug|Any CPU
		{E3EC7361-23BB-48A0-9774-B965E96B98DE}.Debug|Any CPU.Build.0 = Debug|Any CPU
		{E3EC7361-23BB-48A0-9774-B965E96B98DE}.Release|Any CPU.ActiveCfg = Release|Any CPU
		{E3EC7361-23BB-48A0-9774-B965E96B98DE}.Release|Any CPU.Build.0 = Release|Any CPU
		{9EC6F681-654B-4222-A819-FEBA9E2357A4}.Debug|Any CPU.ActiveCfg = Debug|Any CPU
		{9EC6F681-654B-4222-A819-FEBA9E2357A4}.Debug|Any CPU.Build.0 = Debug|Any CPU
		{9EC6F681-654B-4222-A819-FEBA9E2357A4}.Release|Any CPU.ActiveCfg = Release|Any CPU
		{9EC6F681-654B-4222-A819-FEBA9E2357A4}.Release|Any CPU.Build.0 = Release|Any CPU
	EndGlobalSection
	GlobalSection(SolutionProperties) = preSolution
		HideSolutionNode = FALSE
	EndGlobalSection
	GlobalSection(NestedProjects) = preSolution
		{3BE706DD-D7A6-4DAB-ADD1-69E85AFEC610} = {F59DFCC0-F2D0-4CD0-9EA0-27809EE53CAE}
		{024E0258-8336-4BBB-96FB-F05AF914412F} = {F59DFCC0-F2D0-4CD0-9EA0-27809EE53CAE}
		{9A2D16E8-2B66-4A78-869F-DF37F905BC76} = {F59DFCC0-F2D0-4CD0-9EA0-27809EE53CAE}
		{2B10ECDB-C4C8-457C-AA6A-778DA28955A1} = {F59DFCC0-F2D0-4CD0-9EA0-27809EE53CAE}
		{6A4D65F5-90D1-4E9A-AF90-B0A430126E5C} = {3BE706DD-D7A6-4DAB-ADD1-69E85AFEC610}
		{00D03DA1-F10D-4754-9CA9-7910D6346C51} = {024E0258-8336-4BBB-96FB-F05AF914412F}
		{E3EC7361-23BB-48A0-9774-B965E96B98DE} = {9A2D16E8-2B66-4A78-869F-DF37F905BC76}
		{9EC6F681-654B-4222-A819-FEBA9E2357A4} = {2B10ECDB-C4C8-457C-AA6A-778DA28955A1}
	EndGlobalSection
	GlobalSection(ExtensibilityGlobals) = postSolution
		SolutionGuid = {DE60BCA2-C4A6-4D04-9181-BF46914110DB}
	EndGlobalSection
EndGlobal
